
Microsoft Visual Studio Solution File, Format Version 12.00
# Visual Studio 2013
VisualStudioVersion = 12.0.21005.1
MinimumVisualStudioVersion = 10.0.40219.1
Project("{FAE04EC0-301F-11D3-BF4B-00C04F79EFBC}") = "SamenSterkerData", "SamenSterkerData\SamenSterkerData.csproj", "{8C92AE4F-73A0-40E7-9CA9-2A47B0357449}"
EndProject
Project("{FAE04EC0-301F-11D3-BF4B-00C04F79EFBC}") = "testApp", "testApp\testApp.csproj", "{7DD94DE3-EDB6-4301-9C1F-2EBF1EB10851}"
EndProject
Project("{FAE04EC0-301F-11D3-BF4B-00C04F79EFBC}") = "UserInterface", "ModernUIApp1\UserInterface.csproj", "{705BE1B9-F4F3-4C63-A284-C55C3C37C268}"
EndProject
Global
	GlobalSection(SolutionConfigurationPlatforms) = preSolution
		Debug|Any CPU = Debug|Any CPU
		Release|Any CPU = Release|Any CPU
	EndGlobalSection
	GlobalSection(ProjectConfigurationPlatforms) = postSolution
		{8C92AE4F-73A0-40E7-9CA9-2A47B0357449}.Debug|Any CPU.ActiveCfg = Debug|Any CPU
		{8C92AE4F-73A0-40E7-9CA9-2A47B0357449}.Debug|Any CPU.Build.0 = Debug|Any CPU
		{8C92AE4F-73A0-40E7-9CA9-2A47B0357449}.Release|Any CPU.ActiveCfg = Release|Any CPU
		{8C92AE4F-73A0-40E7-9CA9-2A47B0357449}.Release|Any CPU.Build.0 = Release|Any CPU
		{7DD94DE3-EDB6-4301-9C1F-2EBF1EB10851}.Debug|Any CPU.ActiveCfg = Debug|Any CPU
		{7DD94DE3-EDB6-4301-9C1F-2EBF1EB10851}.Debug|Any CPU.Build.0 = Debug|Any CPU
		{7DD94DE3-EDB6-4301-9C1F-2EBF1EB10851}.Release|Any CPU.ActiveCfg = Release|Any CPU
		{7DD94DE3-EDB6-4301-9C1F-2EBF1EB10851}.Release|Any CPU.Build.0 = Release|Any CPU
		{705BE1B9-F4F3-4C63-A284-C55C3C37C268}.Debug|Any CPU.ActiveCfg = Debug|Any CPU
		{705BE1B9-F4F3-4C63-A284-C55C3C37C268}.Debug|Any CPU.Build.0 = Debug|Any CPU
		{705BE1B9-F4F3-4C63-A284-C55C3C37C268}.Release|Any CPU.ActiveCfg = Release|Any CPU
		{705BE1B9-F4F3-4C63-A284-C55C3C37C268}.Release|Any CPU.Build.0 = Release|Any CPU
	EndGlobalSection
	GlobalSection(SolutionProperties) = preSolution
		HideSolutionNode = FALSE
	EndGlobalSection
EndGlobal
